
Microsoft Visual Studio Solution File, Format Version 12.00
# Visual Studio 15
VisualStudioVersion = 15.0.28010.2016
MinimumVisualStudioVersion = 10.0.40219.1
Project("{FAE04EC0-301F-11D3-BF4B-00C04F79EFBC}") = "Downloader", "Downloader\Downloader.csproj", "{B449CAB4-2FA6-4D48-A6FE-84F82F597093}"
EndProject
Project("{FAE04EC0-301F-11D3-BF4B-00C04F79EFBC}") = "Eteties", "Eteties\Eteties.csproj", "{B4DA716A-8780-405E-AE12-8F52E6D835D3}"
EndProject
Global
	GlobalSection(SolutionConfigurationPlatforms) = preSolution
		Debug|Any CPU = Debug|Any CPU
		Release|Any CPU = Release|Any CPU
	EndGlobalSection
	GlobalSection(ProjectConfigurationPlatforms) = postSolution
		{B449CAB4-2FA6-4D48-A6FE-84F82F597093}.Debug|Any CPU.ActiveCfg = Debug|Any CPU
		{B449CAB4-2FA6-4D48-A6FE-84F82F597093}.Debug|Any CPU.Build.0 = Debug|Any CPU
		{B449CAB4-2FA6-4D48-A6FE-84F82F597093}.Release|Any CPU.ActiveCfg = Release|Any CPU
		{B449CAB4-2FA6-4D48-A6FE-84F82F597093}.Release|Any CPU.Build.0 = Release|Any CPU
		{B4DA716A-8780-405E-AE12-8F52E6D835D3}.Debug|Any CPU.ActiveCfg = Debug|Any CPU
		{B4DA716A-8780-405E-AE12-8F52E6D835D3}.Debug|Any CPU.Build.0 = Debug|Any CPU
		{B4DA716A-8780-405E-AE12-8F52E6D835D3}.Release|Any CPU.ActiveCfg = Release|Any CPU
		{B4DA716A-8780-405E-AE12-8F52E6D835D3}.Release|Any CPU.Build.0 = Release|Any CPU
	EndGlobalSection
	GlobalSection(SolutionProperties) = preSolution
		HideSolutionNode = FALSE
	EndGlobalSection
	GlobalSection(ExtensibilityGlobals) = postSolution
		SolutionGuid = {074A488C-CCFD-457B-B1B6-93A8EB813CE9}
	EndGlobalSection
EndGlobal
